// !$*UTF8*$!
{
	archiveVersion = 1;
	classes = {
	};
	objectVersion = 46;
	objects = {

/* Begin PBXBuildFile section */
		5DCAD3511C392F590023F620 /* AppDelegate.swift in Sources */ = {isa = PBXBuildFile; fileRef = 5DCAD3501C392F590023F620 /* AppDelegate.swift */; };
		5DCAD3531C392F590023F620 /* MainViewController.swift in Sources */ = {isa = PBXBuildFile; fileRef = 5DCAD3521C392F590023F620 /* MainViewController.swift */; };
		5DCAD3561C392F590023F620 /* Main.storyboard in Resources */ = {isa = PBXBuildFile; fileRef = 5DCAD3541C392F590023F620 /* Main.storyboard */; };
		5DCAD3581C392F590023F620 /* Images.xcassets in Resources */ = {isa = PBXBuildFile; fileRef = 5DCAD3571C392F590023F620 /* Images.xcassets */; };
		5DCAD35B1C392F590023F620 /* LaunchScreen.xib in Resources */ = {isa = PBXBuildFile; fileRef = 5DCAD3591C392F590023F620 /* LaunchScreen.xib */; };
		5DCAD3671C392F590023F620 /* iHoursTrackerTests.swift in Sources */ = {isa = PBXBuildFile; fileRef = 5DCAD3661C392F590023F620 /* iHoursTrackerTests.swift */; };
		CD20121A1C3FB62700539CDF /* helpers.swift in Sources */ = {isa = PBXBuildFile; fileRef = CD2012191C3FB62700539CDF /* helpers.swift */; };
		CD82461A1C40F1370068334A /* Reachability.swift in Sources */ = {isa = PBXBuildFile; fileRef = CD8246191C40F1370068334A /* Reachability.swift */; };
		CDE54C2A1C3FC927000570B4 /* ITextField.swift in Sources */ = {isa = PBXBuildFile; fileRef = CDE54C291C3FC927000570B4 /* ITextField.swift */; };
		CDE54C2F1C3FCAF3000570B4 /* AddJobVC.swift in Sources */ = {isa = PBXBuildFile; fileRef = CDE54C2E1C3FCAF3000570B4 /* AddJobVC.swift */; };
		CDE54C311C3FCB02000570B4 /* JobsListVC.swift in Sources */ = {isa = PBXBuildFile; fileRef = CDE54C301C3FCB02000570B4 /* JobsListVC.swift */; };
		CDE54C331C3FCB0F000570B4 /* SettingsVC.swift in Sources */ = {isa = PBXBuildFile; fileRef = CDE54C321C3FCB0F000570B4 /* SettingsVC.swift */; };
		CDE54C371C3FE8C5000570B4 /* SetLocationVC.swift in Sources */ = {isa = PBXBuildFile; fileRef = CDE54C361C3FE8C5000570B4 /* SetLocationVC.swift */; };
		CDE54C3A1C3FEB2D000570B4 /* GeoFencing.swift in Sources */ = {isa = PBXBuildFile; fileRef = CDE54C391C3FEB2D000570B4 /* GeoFencing.swift */; };
		CDE54C3C1C3FEB7F000570B4 /* BackgroundTask.swift in Sources */ = {isa = PBXBuildFile; fileRef = CDE54C3B1C3FEB7F000570B4 /* BackgroundTask.swift */; };
		CDE54C3F1C3FEC08000570B4 /* notification.swift in Sources */ = {isa = PBXBuildFile; fileRef = CDE54C3E1C3FEC08000570B4 /* notification.swift */; };
/* End PBXBuildFile section */

/* Begin PBXContainerItemProxy section */
		5DCAD3611C392F590023F620 /* PBXContainerItemProxy */ = {
			isa = PBXContainerItemProxy;
			containerPortal = 5DCAD3431C392F590023F620 /* Project object */;
			proxyType = 1;
			remoteGlobalIDString = 5DCAD34A1C392F590023F620;
			remoteInfo = iHoursTracker;
		};
/* End PBXContainerItemProxy section */

/* Begin PBXFileReference section */
		5DCAD34B1C392F590023F620 /* iHoursTracker.app */ = {isa = PBXFileReference; explicitFileType = wrapper.application; includeInIndex = 0; path = iHoursTracker.app; sourceTree = BUILT_PRODUCTS_DIR; };
		5DCAD34F1C392F590023F620 /* Info.plist */ = {isa = PBXFileReference; lastKnownFileType = text.plist.xml; path = Info.plist; sourceTree = "<group>"; };
		5DCAD3501C392F590023F620 /* AppDelegate.swift */ = {isa = PBXFileReference; lastKnownFileType = sourcecode.swift; path = AppDelegate.swift; sourceTree = "<group>"; };
		5DCAD3521C392F590023F620 /* MainViewController.swift */ = {isa = PBXFileReference; lastKnownFileType = sourcecode.swift; path = MainViewController.swift; sourceTree = "<group>"; };
		5DCAD3551C392F590023F620 /* Base */ = {isa = PBXFileReference; lastKnownFileType = file.storyboard; name = Base; path = Base.lproj/Main.storyboard; sourceTree = "<group>"; };
		5DCAD3571C392F590023F620 /* Images.xcassets */ = {isa = PBXFileReference; lastKnownFileType = folder.assetcatalog; path = Images.xcassets; sourceTree = "<group>"; };
		5DCAD35A1C392F590023F620 /* Base */ = {isa = PBXFileReference; lastKnownFileType = file.xib; name = Base; path = Base.lproj/LaunchScreen.xib; sourceTree = "<group>"; };
		5DCAD3601C392F590023F620 /* iHoursTrackerTests.xctest */ = {isa = PBXFileReference; explicitFileType = wrapper.cfbundle; includeInIndex = 0; path = iHoursTrackerTests.xctest; sourceTree = BUILT_PRODUCTS_DIR; };
		5DCAD3651C392F590023F620 /* Info.plist */ = {isa = PBXFileReference; lastKnownFileType = text.plist.xml; path = Info.plist; sourceTree = "<group>"; };
		5DCAD3661C392F590023F620 /* iHoursTrackerTests.swift */ = {isa = PBXFileReference; lastKnownFileType = sourcecode.swift; path = iHoursTrackerTests.swift; sourceTree = "<group>"; };
		CD2012191C3FB62700539CDF /* helpers.swift */ = {isa = PBXFileReference; fileEncoding = 4; lastKnownFileType = sourcecode.swift; path = helpers.swift; sourceTree = "<group>"; };
		CD8246191C40F1370068334A /* Reachability.swift */ = {isa = PBXFileReference; fileEncoding = 4; lastKnownFileType = sourcecode.swift; path = Reachability.swift; sourceTree = "<group>"; };
		CDE54C291C3FC927000570B4 /* ITextField.swift */ = {isa = PBXFileReference; fileEncoding = 4; lastKnownFileType = sourcecode.swift; path = ITextField.swift; sourceTree = "<group>"; };
		CDE54C2E1C3FCAF3000570B4 /* AddJobVC.swift */ = {isa = PBXFileReference; fileEncoding = 4; lastKnownFileType = sourcecode.swift; path = AddJobVC.swift; sourceTree = "<group>"; };
		CDE54C301C3FCB02000570B4 /* JobsListVC.swift */ = {isa = PBXFileReference; fileEncoding = 4; lastKnownFileType = sourcecode.swift; path = JobsListVC.swift; sourceTree = "<group>"; };
		CDE54C321C3FCB0F000570B4 /* SettingsVC.swift */ = {isa = PBXFileReference; fileEncoding = 4; lastKnownFileType = sourcecode.swift; path = SettingsVC.swift; sourceTree = "<group>"; };
		CDE54C361C3FE8C5000570B4 /* SetLocationVC.swift */ = {isa = PBXFileReference; fileEncoding = 4; lastKnownFileType = sourcecode.swift; path = SetLocationVC.swift; sourceTree = "<group>"; };
		CDE54C391C3FEB2D000570B4 /* GeoFencing.swift */ = {isa = PBXFileReference; fileEncoding = 4; lastKnownFileType = sourcecode.swift; path = GeoFencing.swift; sourceTree = "<group>"; };
		CDE54C3B1C3FEB7F000570B4 /* BackgroundTask.swift */ = {isa = PBXFileReference; fileEncoding = 4; lastKnownFileType = sourcecode.swift; path = BackgroundTask.swift; sourceTree = "<group>"; };
		CDE54C3E1C3FEC08000570B4 /* notification.swift */ = {isa = PBXFileReference; fileEncoding = 4; lastKnownFileType = sourcecode.swift; path = notification.swift; sourceTree = "<group>"; };
/* End PBXFileReference section */

/* Begin PBXFrameworksBuildPhase section */
		5DCAD3481C392F590023F620 /* Frameworks */ = {
			isa = PBXFrameworksBuildPhase;
			buildActionMask = 2147483647;
			files = (
			);
			runOnlyForDeploymentPostprocessing = 0;
		};
		5DCAD35D1C392F590023F620 /* Frameworks */ = {
			isa = PBXFrameworksBuildPhase;
			buildActionMask = 2147483647;
			files = (
			);
			runOnlyForDeploymentPostprocessing = 0;
		};
/* End PBXFrameworksBuildPhase section */

/* Begin PBXGroup section */
		5DCAD3421C392F590023F620 = {
			isa = PBXGroup;
			children = (
				5DCAD34D1C392F590023F620 /* iHoursTracker */,
				5DCAD3631C392F590023F620 /* iHoursTrackerTests */,
				5DCAD34C1C392F590023F620 /* Products */,
			);
			sourceTree = "<group>";
		};
		5DCAD34C1C392F590023F620 /* Products */ = {
			isa = PBXGroup;
			children = (
				5DCAD34B1C392F590023F620 /* iHoursTracker.app */,
				5DCAD3601C392F590023F620 /* iHoursTrackerTests.xctest */,
			);
			name = Products;
			sourceTree = "<group>";
		};
		5DCAD34D1C392F590023F620 /* iHoursTracker */ = {
			isa = PBXGroup;
			children = (
				CDE54C3D1C3FEB84000570B4 /* API */,
				CDE54C341C3FD780000570B4 /* Imp */,
				CDE54C2B1C3FCABC000570B4 /* Screens */,
				5DCAD3541C392F590023F620 /* Main.storyboard */,
				5DCAD3571C392F590023F620 /* Images.xcassets */,
				5DCAD3591C392F590023F620 /* LaunchScreen.xib */,
				5DCAD34E1C392F590023F620 /* Supporting Files */,
			);
			path = iHoursTracker;
			sourceTree = "<group>";
		};
		5DCAD34E1C392F590023F620 /* Supporting Files */ = {
			isa = PBXGroup;
			children = (
				CDE54C291C3FC927000570B4 /* ITextField.swift */,
				CD2012191C3FB62700539CDF /* helpers.swift */,
				5DCAD34F1C392F590023F620 /* Info.plist */,
			);
			name = "Supporting Files";
			sourceTree = "<group>";
		};
		5DCAD3631C392F590023F620 /* iHoursTrackerTests */ = {
			isa = PBXGroup;
			children = (
				5DCAD3661C392F590023F620 /* iHoursTrackerTests.swift */,
				5DCAD3641C392F590023F620 /* Supporting Files */,
			);
			path = iHoursTrackerTests;
			sourceTree = "<group>";
		};
		5DCAD3641C392F590023F620 /* Supporting Files */ = {
			isa = PBXGroup;
			children = (
				5DCAD3651C392F590023F620 /* Info.plist */,
			);
			name = "Supporting Files";
			sourceTree = "<group>";
		};
		CDE54C2B1C3FCABC000570B4 /* Screens */ = {
			isa = PBXGroup;
			children = (
				CDE54C2C1C3FCAC4000570B4 /* Main View Controller */,
				CDE54C2D1C3FCAD1000570B4 /* Tabs */,
			);
			name = Screens;
			sourceTree = "<group>";
		};
		CDE54C2C1C3FCAC4000570B4 /* Main View Controller */ = {
			isa = PBXGroup;
			children = (
				5DCAD3521C392F590023F620 /* MainViewController.swift */,
			);
			name = "Main View Controller";
			sourceTree = "<group>";
		};
		CDE54C2D1C3FCAD1000570B4 /* Tabs */ = {
			isa = PBXGroup;
			children = (
				CDE54C351C3FDD7B000570B4 /* Set Location Controller */,
				CDE54C2E1C3FCAF3000570B4 /* AddJobVC.swift */,
				CDE54C301C3FCB02000570B4 /* JobsListVC.swift */,
				CDE54C321C3FCB0F000570B4 /* SettingsVC.swift */,
			);
			name = Tabs;
			sourceTree = "<group>";
		};
		CDE54C341C3FD780000570B4 /* Imp */ = {
			isa = PBXGroup;
			children = (
				5DCAD3501C392F590023F620 /* AppDelegate.swift */,
			);
			name = Imp;
			sourceTree = "<group>";
		};
		CDE54C351C3FDD7B000570B4 /* Set Location Controller */ = {
			isa = PBXGroup;
			children = (
				CDE54C361C3FE8C5000570B4 /* SetLocationVC.swift */,
			);
			name = "Set Location Controller";
			sourceTree = "<group>";
		};
		CDE54C381C3FEB1B000570B4 /* GeoFencing */ = {
			isa = PBXGroup;
			children = (
				CDE54C391C3FEB2D000570B4 /* GeoFencing.swift */,
			);
			name = GeoFencing;
			sourceTree = "<group>";
		};
		CDE54C3D1C3FEB84000570B4 /* API */ = {
			isa = PBXGroup;
			children = (
				CDE54C381C3FEB1B000570B4 /* GeoFencing */,
				CDE54C3B1C3FEB7F000570B4 /* BackgroundTask.swift */,
				CDE54C3E1C3FEC08000570B4 /* notification.swift */,
				CD8246191C40F1370068334A /* Reachability.swift */,
			);
			name = API;
			sourceTree = "<group>";
		};
/* End PBXGroup section */

/* Begin PBXNativeTarget section */
		5DCAD34A1C392F590023F620 /* iHoursTracker */ = {
			isa = PBXNativeTarget;
			buildConfigurationList = 5DCAD36A1C392F590023F620 /* Build configuration list for PBXNativeTarget "iHoursTracker" */;
			buildPhases = (
				5DCAD3471C392F590023F620 /* Sources */,
				5DCAD3481C392F590023F620 /* Frameworks */,
				5DCAD3491C392F590023F620 /* Resources */,
			);
			buildRules = (
			);
			dependencies = (
			);
			name = iHoursTracker;
			productName = iHoursTracker;
			productReference = 5DCAD34B1C392F590023F620 /* iHoursTracker.app */;
			productType = "com.apple.product-type.application";
		};
		5DCAD35F1C392F590023F620 /* iHoursTrackerTests */ = {
			isa = PBXNativeTarget;
			buildConfigurationList = 5DCAD36D1C392F590023F620 /* Build configuration list for PBXNativeTarget "iHoursTrackerTests" */;
			buildPhases = (
				5DCAD35C1C392F590023F620 /* Sources */,
				5DCAD35D1C392F590023F620 /* Frameworks */,
				5DCAD35E1C392F590023F620 /* Resources */,
			);
			buildRules = (
			);
			dependencies = (
				5DCAD3621C392F590023F620 /* PBXTargetDependency */,
			);
			name = iHoursTrackerTests;
			productName = iHoursTrackerTests;
			productReference = 5DCAD3601C392F590023F620 /* iHoursTrackerTests.xctest */;
			productType = "com.apple.product-type.bundle.unit-test";
		};
/* End PBXNativeTarget section */

/* Begin PBXProject section */
		5DCAD3431C392F590023F620 /* Project object */ = {
			isa = PBXProject;
			attributes = {
				LastSwiftUpdateCheck = 0720;
				LastUpgradeCheck = 0720;
				ORGANIZATIONNAME = "Faiq Talat";
				TargetAttributes = {
					5DCAD34A1C392F590023F620 = {
						CreatedOnToolsVersion = 6.1;
					};
					5DCAD35F1C392F590023F620 = {
						CreatedOnToolsVersion = 6.1;
						TestTargetID = 5DCAD34A1C392F590023F620;
					};
				};
			};
			buildConfigurationList = 5DCAD3461C392F590023F620 /* Build configuration list for PBXProject "iHoursTracker" */;
			compatibilityVersion = "Xcode 3.2";
			developmentRegion = English;
			hasScannedForEncodings = 0;
			knownRegions = (
				en,
				Base,
			);
			mainGroup = 5DCAD3421C392F590023F620;
			productRefGroup = 5DCAD34C1C392F590023F620 /* Products */;
			projectDirPath = "";
			projectRoot = "";
			targets = (
				5DCAD34A1C392F590023F620 /* iHoursTracker */,
				5DCAD35F1C392F590023F620 /* iHoursTrackerTests */,
			);
		};
/* End PBXProject section */

/* Begin PBXResourcesBuildPhase section */
		5DCAD3491C392F590023F620 /* Resources */ = {
			isa = PBXResourcesBuildPhase;
			buildActionMask = 2147483647;
			files = (
				5DCAD3561C392F590023F620 /* Main.storyboard in Resources */,
				5DCAD35B1C392F590023F620 /* LaunchScreen.xib in Resources */,
				5DCAD3581C392F590023F620 /* Images.xcassets in Resources */,
			);
			runOnlyForDeploymentPostprocessing = 0;
		};
		5DCAD35E1C392F590023F620 /* Resources */ = {
			isa = PBXResourcesBuildPhase;
			buildActionMask = 2147483647;
			files = (
			);
			runOnlyForDeploymentPostprocessing = 0;
		};
/* End PBXResourcesBuildPhase section */

/* Begin PBXSourcesBuildPhase section */
		5DCAD3471C392F590023F620 /* Sources */ = {
			isa = PBXSourcesBuildPhase;
			buildActionMask = 2147483647;
			files = (
				CDE54C311C3FCB02000570B4 /* JobsListVC.swift in Sources */,
				5DCAD3531C392F590023F620 /* MainViewController.swift in Sources */,
				CD82461A1C40F1370068334A /* Reachability.swift in Sources */,
				CDE54C3A1C3FEB2D000570B4 /* GeoFencing.swift in Sources */,
				CDE54C2F1C3FCAF3000570B4 /* AddJobVC.swift in Sources */,
				CDE54C2A1C3FC927000570B4 /* ITextField.swift in Sources */,
				CDE54C371C3FE8C5000570B4 /* SetLocationVC.swift in Sources */,
				5DCAD3511C392F590023F620 /* AppDelegate.swift in Sources */,
				CD20121A1C3FB62700539CDF /* helpers.swift in Sources */,
				CDE54C3C1C3FEB7F000570B4 /* BackgroundTask.swift in Sources */,
				CDE54C3F1C3FEC08000570B4 /* notification.swift in Sources */,
				CDE54C331C3FCB0F000570B4 /* SettingsVC.swift in Sources */,
			);
			runOnlyForDeploymentPostprocessing = 0;
		};
		5DCAD35C1C392F590023F620 /* Sources */ = {
			isa = PBXSourcesBuildPhase;
			buildActionMask = 2147483647;
			files = (
				5DCAD3671C392F590023F620 /* iHoursTrackerTests.swift in Sources */,
			);
			runOnlyForDeploymentPostprocessing = 0;
		};
/* End PBXSourcesBuildPhase section */

/* Begin PBXTargetDependency section */
		5DCAD3621C392F590023F620 /* PBXTargetDependency */ = {
			isa = PBXTargetDependency;
			target = 5DCAD34A1C392F590023F620 /* iHoursTracker */;
			targetProxy = 5DCAD3611C392F590023F620 /* PBXContainerItemProxy */;
		};
/* End PBXTargetDependency section */

/* Begin PBXVariantGroup section */
		5DCAD3541C392F590023F620 /* Main.storyboard */ = {
			isa = PBXVariantGroup;
			children = (
				5DCAD3551C392F590023F620 /* Base */,
			);
			name = Main.storyboard;
			sourceTree = "<group>";
		};
		5DCAD3591C392F590023F620 /* LaunchScreen.xib */ = {
			isa = PBXVariantGroup;
			children = (
				5DCAD35A1C392F590023F620 /* Base */,
			);
			name = LaunchScreen.xib;
			sourceTree = "<group>";
		};
/* End PBXVariantGroup section */

/* Begin XCBuildConfiguration section */
		5DCAD3681C392F590023F620 /* Debug */ = {
			isa = XCBuildConfiguration;
			buildSettings = {
				ALWAYS_SEARCH_USER_PATHS = NO;
				CLANG_CXX_LANGUAGE_STANDARD = "gnu++0x";
				CLANG_CXX_LIBRARY = "libc++";
				CLANG_ENABLE_MODULES = YES;
				CLANG_ENABLE_OBJC_ARC = YES;
				CLANG_WARN_BOOL_CONVERSION = YES;
				CLANG_WARN_CONSTANT_CONVERSION = YES;
				CLANG_WARN_DIRECT_OBJC_ISA_USAGE = YES_ERROR;
				CLANG_WARN_EMPTY_BODY = YES;
				CLANG_WARN_ENUM_CONVERSION = YES;
				CLANG_WARN_INT_CONVERSION = YES;
				CLANG_WARN_OBJC_ROOT_CLASS = YES_ERROR;
				CLANG_WARN_UNREACHABLE_CODE = YES;
				CLANG_WARN__DUPLICATE_METHOD_MATCH = YES;
				"CODE_SIGN_IDENTITY[sdk=iphoneos*]" = "iPhone Developer";
				COPY_PHASE_STRIP = NO;
				ENABLE_STRICT_OBJC_MSGSEND = YES;
				ENABLE_TESTABILITY = YES;
				GCC_C_LANGUAGE_STANDARD = gnu99;
				GCC_DYNAMIC_NO_PIC = NO;
				GCC_OPTIMIZATION_LEVEL = 0;
				GCC_PREPROCESSOR_DEFINITIONS = (
					"DEBUG=1",
					"$(inherited)",
				);
				GCC_SYMBOLS_PRIVATE_EXTERN = NO;
				GCC_WARN_64_TO_32_BIT_CONVERSION = YES;
				GCC_WARN_ABOUT_RETURN_TYPE = YES_ERROR;
				GCC_WARN_UNDECLARED_SELECTOR = YES;
				GCC_WARN_UNINITIALIZED_AUTOS = YES_AGGRESSIVE;
				GCC_WARN_UNUSED_FUNCTION = YES;
				GCC_WARN_UNUSED_VARIABLE = YES;
				IPHONEOS_DEPLOYMENT_TARGET = 8.1;
				MTL_ENABLE_DEBUG_INFO = YES;
				ONLY_ACTIVE_ARCH = YES;
				SDKROOT = iphoneos;
				SWIFT_OPTIMIZATION_LEVEL = "-Onone";
				TARGETED_DEVICE_FAMILY = "1,2";
			};
			name = Debug;
		};
		5DCAD3691C392F590023F620 /* Release */ = {
			isa = XCBuildConfiguration;
			buildSettings = {
				ALWAYS_SEARCH_USER_PATHS = NO;
				CLANG_CXX_LANGUAGE_STANDARD = "gnu++0x";
				CLANG_CXX_LIBRARY = "libc++";
				CLANG_ENABLE_MODULES = YES;
				CLANG_ENABLE_OBJC_ARC = YES;
				CLANG_WARN_BOOL_CONVERSION = YES;
				CLANG_WARN_CONSTANT_CONVERSION = YES;
				CLANG_WARN_DIRECT_OBJC_ISA_USAGE = YES_ERROR;
				CLANG_WARN_EMPTY_BODY = YES;
				CLANG_WARN_ENUM_CONVERSION = YES;
				CLANG_WARN_INT_CONVERSION = YES;
				CLANG_WARN_OBJC_ROOT_CLASS = YES_ERROR;
				CLANG_WARN_UNREACHABLE_CODE = YES;
				CLANG_WARN__DUPLICATE_METHOD_MATCH = YES;
				"CODE_SIGN_IDENTITY[sdk=iphoneos*]" = "iPhone Developer";
				COPY_PHASE_STRIP = YES;
				ENABLE_NS_ASSERTIONS = NO;
				ENABLE_STRICT_OBJC_MSGSEND = YES;
				GCC_C_LANGUAGE_STANDARD = gnu99;
				GCC_WARN_64_TO_32_BIT_CONVERSION = YES;
				GCC_WARN_ABOUT_RETURN_TYPE = YES_ERROR;
				GCC_WARN_UNDECLARED_SELECTOR = YES;
				GCC_WARN_UNINITIALIZED_AUTOS = YES_AGGRESSIVE;
				GCC_WARN_UNUSED_FUNCTION = YES;
				GCC_WARN_UNUSED_VARIABLE = YES;
				IPHONEOS_DEPLOYMENT_TARGET = 8.1;
				MTL_ENABLE_DEBUG_INFO = NO;
				SDKROOT = iphoneos;
				TARGETED_DEVICE_FAMILY = "1,2";
				VALIDATE_PRODUCT = YES;
			};
			name = Release;
		};
		5DCAD36B1C392F590023F620 /* Debug */ = {
			isa = XCBuildConfiguration;
			buildSettings = {
				ASSETCATALOG_COMPILER_APPICON_NAME = AppIcon;
				INFOPLIST_FILE = iHoursTracker/Info.plist;
				IPHONEOS_DEPLOYMENT_TARGET = 9.2;
				LD_RUNPATH_SEARCH_PATHS = "$(inherited) @executable_path/Frameworks";
				PRODUCT_BUNDLE_IDENTIFIER = "com.FT.$(PRODUCT_NAME:rfc1034identifier)";
				PRODUCT_NAME = "$(TARGET_NAME)";
			};
			name = Debug;
		};
		5DCAD36C1C392F590023F620 /* Release */ = {
			isa = XCBuildConfiguration;
			buildSettings = {
				ASSETCATALOG_COMPILER_APPICON_NAME = AppIcon;
				INFOPLIST_FILE = iHoursTracker/Info.plist;
				IPHONEOS_DEPLOYMENT_TARGET = 9.2;
				LD_RUNPATH_SEARCH_PATHS = "$(inherited) @executable_path/Frameworks";
				PRODUCT_BUNDLE_IDENTIFIER = "com.FT.$(PRODUCT_NAME:rfc1034identifier)";
				PRODUCT_NAME = "$(TARGET_NAME)";
			};
			name = Release;
		};
		5DCAD36E1C392F590023F620 /* Debug */ = {
			isa = XCBuildConfiguration;
			buildSettings = {
				BUNDLE_LOADER = "$(TEST_HOST)";
				FRAMEWORK_SEARCH_PATHS = (
					"$(SDKROOT)/Developer/Library/Frameworks",
					"$(inherited)",
				);
				GCC_PREPROCESSOR_DEFINITIONS = (
					"DEBUG=1",
					"$(inherited)",
				);
				INFOPLIST_FILE = iHoursTrackerTests/Info.plist;
				LD_RUNPATH_SEARCH_PATHS = "$(inherited) @executable_path/Frameworks @loader_path/Frameworks";
				PRODUCT_BUNDLE_IDENTIFIER = "com.FT.$(PRODUCT_NAME:rfc1034identifier)";
				PRODUCT_NAME = "$(TARGET_NAME)";
				TEST_HOST = "$(BUILT_PRODUCTS_DIR)/iHoursTracker.app/iHoursTracker";
			};
			name = Debug;
		};
		5DCAD36F1C392F590023F620 /* Release */ = {
			isa = XCBuildConfiguration;
			buildSettings = {
				BUNDLE_LOADER = "$(TEST_HOST)";
				FRAMEWORK_SEARCH_PATHS = (
					"$(SDKROOT)/Developer/Library/Frameworks",
					"$(inherited)",
				);
				INFOPLIST_FILE = iHoursTrackerTests/Info.plist;
				LD_RUNPATH_SEARCH_PATHS = "$(inherited) @executable_path/Frameworks @loader_path/Frameworks";
				PRODUCT_BUNDLE_IDENTIFIER = "com.FT.$(PRODUCT_NAME:rfc1034identifier)";
				PRODUCT_NAME = "$(TARGET_NAME)";
				TEST_HOST = "$(BUILT_PRODUCTS_DIR)/iHoursTracker.app/iHoursTracker";
			};
			name = Release;
		};
/* End XCBuildConfiguration section */

/* Begin XCConfigurationList section */
		5DCAD3461C392F590023F620 /* Build configuration list for PBXProject "iHoursTracker" */ = {
			isa = XCConfigurationList;
			buildConfigurations = (
				5DCAD3681C392F590023F620 /* Debug */,
				5DCAD3691C392F590023F620 /* Release */,
			);
			defaultConfigurationIsVisible = 0;
			defaultConfigurationName = Release;
		};
		5DCAD36A1C392F590023F620 /* Build configuration list for PBXNativeTarget "iHoursTracker" */ = {
			isa = XCConfigurationList;
			buildConfigurations = (
				5DCAD36B1C392F590023F620 /* Debug */,
				5DCAD36C1C392F590023F620 /* Release */,
			);
			defaultConfigurationIsVisible = 0;
			defaultConfigurationName = Release;
		};
		5DCAD36D1C392F590023F620 /* Build configuration list for PBXNativeTarget "iHoursTrackerTests" */ = {
			isa = XCConfigurationList;
			buildConfigurations = (
				5DCAD36E1C392F590023F620 /* Debug */,
				5DCAD36F1C392F590023F620 /* Release */,
			);
			defaultConfigurationIsVisible = 0;
			defaultConfigurationName = Release;
		};
/* End XCConfigurationList section */
	};
	rootObject = 5DCAD3431C392F590023F620 /* Project object */;
}
